
Microsoft Visual Studio Solution File, Format Version 12.00
# Visual Studio 15
VisualStudioVersion = 15.0.28307.168
MinimumVisualStudioVersion = 10.0.40219.1
Project("{FAE04EC0-301F-11D3-BF4B-00C04F79EFBC}") = "TechFit.Desafio.Aplicacao", "TechFit.Desafio.Aplicacao\TechFit.Desafio.Aplicacao.csproj", "{39AEB550-B8AF-48B0-9184-9B527254881A}"
EndProject
Project("{FAE04EC0-301F-11D3-BF4B-00C04F79EFBC}") = "TechFit.Desafio.Dominio", "TechFit.Desafio.Dominio\TechFit.Desafio.Dominio.csproj", "{77AA583B-B405-4191-9B49-2ACB026F1645}"
EndProject
Project("{2150E333-8FDC-42A3-9474-1A3956D46DE8}") = "TechFit.Desafio.Infra", "TechFit.Desafio.Infra", "{E347373B-773A-40AA-9432-F4F198EE05DF}"
EndProject
Project("{FAE04EC0-301F-11D3-BF4B-00C04F79EFBC}") = "TechFit.Desafio.Infra.Data", "TechFit.Desafio.Infra.Data\TechFit.Desafio.Infra.Data.csproj", "{7E1EF27A-F71B-4FCD-87FB-E90D3FC7B398}"
EndProject
Project("{FAE04EC0-301F-11D3-BF4B-00C04F79EFBC}") = "TechFit.Desafio.Infra.CrossCutting.IoC", "TechFit.Desafio.Infra.CrossCutting.IoC\TechFit.Desafio.Infra.CrossCutting.IoC.csproj", "{66629F9A-CD0B-4409-99E4-D83B420043CD}"
EndProject
Project("{FAE04EC0-301F-11D3-BF4B-00C04F79EFBC}") = "TechFit.Desafio.Web", "TechFit.Desafio.Web\TechFit.Desafio.Web.csproj", "{C3E52EC4-4630-45F0-9E09-B829DCA946CA}"
EndProject
Project("{FAE04EC0-301F-11D3-BF4B-00C04F79EFBC}") = "TechFit.Desafio.API", "TechFit.Desafio.API\TechFit.Desafio.API.csproj", "{359190AE-CA7B-4CBC-9623-DDE3525EE963}"
EndProject
Project("{FAE04EC0-301F-11D3-BF4B-00C04F79EFBC}") = "TechFit.Desafio.API.Teste", "TechFit.Desafio.API.Teste\TechFit.Desafio.API.Teste.csproj", "{084FCCB5-45E6-44F2-93A3-2CD6A9BE3E67}"
EndProject
Global
	GlobalSection(SolutionConfigurationPlatforms) = preSolution
		Debug|Any CPU = Debug|Any CPU
		Debug|ARM = Debug|ARM
		Debug|ARM64 = Debug|ARM64
		Debug|x64 = Debug|x64
		Debug|x86 = Debug|x86
		Release|Any CPU = Release|Any CPU
		Release|ARM = Release|ARM
		Release|ARM64 = Release|ARM64
		Release|x64 = Release|x64
		Release|x86 = Release|x86
	EndGlobalSection
	GlobalSection(ProjectConfigurationPlatforms) = postSolution
		{39AEB550-B8AF-48B0-9184-9B527254881A}.Debug|Any CPU.ActiveCfg = Debug|Any CPU
		{39AEB550-B8AF-48B0-9184-9B527254881A}.Debug|Any CPU.Build.0 = Debug|Any CPU
		{39AEB550-B8AF-48B0-9184-9B527254881A}.Debug|ARM.ActiveCfg = Debug|Any CPU
		{39AEB550-B8AF-48B0-9184-9B527254881A}.Debug|ARM.Build.0 = Debug|Any CPU
		{39AEB550-B8AF-48B0-9184-9B527254881A}.Debug|ARM64.ActiveCfg = Debug|Any CPU
		{39AEB550-B8AF-48B0-9184-9B527254881A}.Debug|ARM64.Build.0 = Debug|Any CPU
		{39AEB550-B8AF-48B0-9184-9B527254881A}.Debug|x64.ActiveCfg = Debug|Any CPU
		{39AEB550-B8AF-48B0-9184-9B527254881A}.Debug|x64.Build.0 = Debug|Any CPU
		{39AEB550-B8AF-48B0-9184-9B527254881A}.Debug|x86.ActiveCfg = Debug|Any CPU
		{39AEB550-B8AF-48B0-9184-9B527254881A}.Debug|x86.Build.0 = Debug|Any CPU
		{39AEB550-B8AF-48B0-9184-9B527254881A}.Release|Any CPU.ActiveCfg = Release|Any CPU
		{39AEB550-B8AF-48B0-9184-9B527254881A}.Release|Any CPU.Build.0 = Release|Any CPU
		{39AEB550-B8AF-48B0-9184-9B527254881A}.Release|ARM.ActiveCfg = Release|Any CPU
		{39AEB550-B8AF-48B0-9184-9B527254881A}.Release|ARM.Build.0 = Release|Any CPU
		{39AEB550-B8AF-48B0-9184-9B527254881A}.Release|ARM64.ActiveCfg = Release|Any CPU
		{39AEB550-B8AF-48B0-9184-9B527254881A}.Release|ARM64.Build.0 = Release|Any CPU
		{39AEB550-B8AF-48B0-9184-9B527254881A}.Release|x64.ActiveCfg = Release|Any CPU
		{39AEB550-B8AF-48B0-9184-9B527254881A}.Release|x64.Build.0 = Release|Any CPU
		{39AEB550-B8AF-48B0-9184-9B527254881A}.Release|x86.ActiveCfg = Release|Any CPU
		{39AEB550-B8AF-48B0-9184-9B527254881A}.Release|x86.Build.0 = Release|Any CPU
		{77AA583B-B405-4191-9B49-2ACB026F1645}.Debug|Any CPU.ActiveCfg = Debug|Any CPU
		{77AA583B-B405-4191-9B49-2ACB026F1645}.Debug|Any CPU.Build.0 = Debug|Any CPU
		{77AA583B-B405-4191-9B49-2ACB026F1645}.Debug|ARM.ActiveCfg = Debug|Any CPU
		{77AA583B-B405-4191-9B49-2ACB026F1645}.Debug|ARM.Build.0 = Debug|Any CPU
		{77AA583B-B405-4191-9B49-2ACB026F1645}.Debug|ARM64.ActiveCfg = Debug|Any CPU
		{77AA583B-B405-4191-9B49-2ACB026F1645}.Debug|ARM64.Build.0 = Debug|Any CPU
		{77AA583B-B405-4191-9B49-2ACB026F1645}.Debug|x64.ActiveCfg = Debug|Any CPU
		{77AA583B-B405-4191-9B49-2ACB026F1645}.Debug|x64.Build.0 = Debug|Any CPU
		{77AA583B-B405-4191-9B49-2ACB026F1645}.Debug|x86.ActiveCfg = Debug|Any CPU
		{77AA583B-B405-4191-9B49-2ACB026F1645}.Debug|x86.Build.0 = Debug|Any CPU
		{77AA583B-B405-4191-9B49-2ACB026F1645}.Release|Any CPU.ActiveCfg = Release|Any CPU
		{77AA583B-B405-4191-9B49-2ACB026F1645}.Release|Any CPU.Build.0 = Release|Any CPU
		{77AA583B-B405-4191-9B49-2ACB026F1645}.Release|ARM.ActiveCfg = Release|Any CPU
		{77AA583B-B405-4191-9B49-2ACB026F1645}.Release|ARM.Build.0 = Release|Any CPU
		{77AA583B-B405-4191-9B49-2ACB026F1645}.Release|ARM64.ActiveCfg = Release|Any CPU
		{77AA583B-B405-4191-9B49-2ACB026F1645}.Release|ARM64.Build.0 = Release|Any CPU
		{77AA583B-B405-4191-9B49-2ACB026F1645}.Release|x64.ActiveCfg = Release|Any CPU
		{77AA583B-B405-4191-9B49-2ACB026F1645}.Release|x64.Build.0 = Release|Any CPU
		{77AA583B-B405-4191-9B49-2ACB026F1645}.Release|x86.ActiveCfg = Release|Any CPU
		{77AA583B-B405-4191-9B49-2ACB026F1645}.Release|x86.Build.0 = Release|Any CPU
		{7E1EF27A-F71B-4FCD-87FB-E90D3FC7B398}.Debug|Any CPU.ActiveCfg = Debug|Any CPU
		{7E1EF27A-F71B-4FCD-87FB-E90D3FC7B398}.Debug|Any CPU.Build.0 = Debug|Any CPU
		{7E1EF27A-F71B-4FCD-87FB-E90D3FC7B398}.Debug|ARM.ActiveCfg = Debug|Any CPU
		{7E1EF27A-F71B-4FCD-87FB-E90D3FC7B398}.Debug|ARM.Build.0 = Debug|Any CPU
		{7E1EF27A-F71B-4FCD-87FB-E90D3FC7B398}.Debug|ARM64.ActiveCfg = Debug|Any CPU
		{7E1EF27A-F71B-4FCD-87FB-E90D3FC7B398}.Debug|ARM64.Build.0 = Debug|Any CPU
		{7E1EF27A-F71B-4FCD-87FB-E90D3FC7B398}.Debug|x64.ActiveCfg = Debug|Any CPU
		{7E1EF27A-F71B-4FCD-87FB-E90D3FC7B398}.Debug|x64.Build.0 = Debug|Any CPU
		{7E1EF27A-F71B-4FCD-87FB-E90D3FC7B398}.Debug|x86.ActiveCfg = Debug|Any CPU
		{7E1EF27A-F71B-4FCD-87FB-E90D3FC7B398}.Debug|x86.Build.0 = Debug|Any CPU
		{7E1EF27A-F71B-4FCD-87FB-E90D3FC7B398}.Release|Any CPU.ActiveCfg = Release|Any CPU
		{7E1EF27A-F71B-4FCD-87FB-E90D3FC7B398}.Release|Any CPU.Build.0 = Release|Any CPU
		{7E1EF27A-F71B-4FCD-87FB-E90D3FC7B398}.Release|ARM.ActiveCfg = Release|Any CPU
		{7E1EF27A-F71B-4FCD-87FB-E90D3FC7B398}.Release|ARM.Build.0 = Release|Any CPU
		{7E1EF27A-F71B-4FCD-87FB-E90D3FC7B398}.Release|ARM64.ActiveCfg = Release|Any CPU
		{7E1EF27A-F71B-4FCD-87FB-E90D3FC7B398}.Release|ARM64.Build.0 = Release|Any CPU
		{7E1EF27A-F71B-4FCD-87FB-E90D3FC7B398}.Release|x64.ActiveCfg = Release|Any CPU
		{7E1EF27A-F71B-4FCD-87FB-E90D3FC7B398}.Release|x64.Build.0 = Release|Any CPU
		{7E1EF27A-F71B-4FCD-87FB-E90D3FC7B398}.Release|x86.ActiveCfg = Release|Any CPU
		{7E1EF27A-F71B-4FCD-87FB-E90D3FC7B398}.Release|x86.Build.0 = Release|Any CPU
		{66629F9A-CD0B-4409-99E4-D83B420043CD}.Debug|Any CPU.ActiveCfg = Debug|Any CPU
		{66629F9A-CD0B-4409-99E4-D83B420043CD}.Debug|Any CPU.Build.0 = Debug|Any CPU
		{66629F9A-CD0B-4409-99E4-D83B420043CD}.Debug|ARM.ActiveCfg = Debug|Any CPU
		{66629F9A-CD0B-4409-99E4-D83B420043CD}.Debug|ARM.Build.0 = Debug|Any CPU
		{66629F9A-CD0B-4409-99E4-D83B420043CD}.Debug|ARM64.ActiveCfg = Debug|Any CPU
		{66629F9A-CD0B-4409-99E4-D83B420043CD}.Debug|ARM64.Build.0 = Debug|Any CPU
		{66629F9A-CD0B-4409-99E4-D83B420043CD}.Debug|x64.ActiveCfg = Debug|Any CPU
		{66629F9A-CD0B-4409-99E4-D83B420043CD}.Debug|x64.Build.0 = Debug|Any CPU
		{66629F9A-CD0B-4409-99E4-D83B420043CD}.Debug|x86.ActiveCfg = Debug|Any CPU
		{66629F9A-CD0B-4409-99E4-D83B420043CD}.Debug|x86.Build.0 = Debug|Any CPU
		{66629F9A-CD0B-4409-99E4-D83B420043CD}.Release|Any CPU.ActiveCfg = Release|Any CPU
		{66629F9A-CD0B-4409-99E4-D83B420043CD}.Release|Any CPU.Build.0 = Release|Any CPU
		{66629F9A-CD0B-4409-99E4-D83B420043CD}.Release|ARM.ActiveCfg = Release|Any CPU
		{66629F9A-CD0B-4409-99E4-D83B420043CD}.Release|ARM.Build.0 = Release|Any CPU
		{66629F9A-CD0B-4409-99E4-D83B420043CD}.Release|ARM64.ActiveCfg = Release|Any CPU
		{66629F9A-CD0B-4409-99E4-D83B420043CD}.Release|ARM64.Build.0 = Release|Any CPU
		{66629F9A-CD0B-4409-99E4-D83B420043CD}.Release|x64.ActiveCfg = Release|Any CPU
		{66629F9A-CD0B-4409-99E4-D83B420043CD}.Release|x64.Build.0 = Release|Any CPU
		{66629F9A-CD0B-4409-99E4-D83B420043CD}.Release|x86.ActiveCfg = Release|Any CPU
		{66629F9A-CD0B-4409-99E4-D83B420043CD}.Release|x86.Build.0 = Release|Any CPU
		{C3E52EC4-4630-45F0-9E09-B829DCA946CA}.Debug|Any CPU.ActiveCfg = Debug|Any CPU
		{C3E52EC4-4630-45F0-9E09-B829DCA946CA}.Debug|Any CPU.Build.0 = Debug|Any CPU
		{C3E52EC4-4630-45F0-9E09-B829DCA946CA}.Debug|ARM.ActiveCfg = Debug|Any CPU
		{C3E52EC4-4630-45F0-9E09-B829DCA946CA}.Debug|ARM.Build.0 = Debug|Any CPU
		{C3E52EC4-4630-45F0-9E09-B829DCA946CA}.Debug|ARM64.ActiveCfg = Debug|Any CPU
		{C3E52EC4-4630-45F0-9E09-B829DCA946CA}.Debug|ARM64.Build.0 = Debug|Any CPU
		{C3E52EC4-4630-45F0-9E09-B829DCA946CA}.Debug|x64.ActiveCfg = Debug|Any CPU
		{C3E52EC4-4630-45F0-9E09-B829DCA946CA}.Debug|x64.Build.0 = Debug|Any CPU
		{C3E52EC4-4630-45F0-9E09-B829DCA946CA}.Debug|x86.ActiveCfg = Debug|Any CPU
		{C3E52EC4-4630-45F0-9E09-B829DCA946CA}.Debug|x86.Build.0 = Debug|Any CPU
		{C3E52EC4-4630-45F0-9E09-B829DCA946CA}.Release|Any CPU.ActiveCfg = Release|Any CPU
		{C3E52EC4-4630-45F0-9E09-B829DCA946CA}.Release|Any CPU.Build.0 = Release|Any CPU
		{C3E52EC4-4630-45F0-9E09-B829DCA946CA}.Release|ARM.ActiveCfg = Release|Any CPU
		{C3E52EC4-4630-45F0-9E09-B829DCA946CA}.Release|ARM.Build.0 = Release|Any CPU
		{C3E52EC4-4630-45F0-9E09-B829DCA946CA}.Release|ARM64.ActiveCfg = Release|Any CPU
		{C3E52EC4-4630-45F0-9E09-B829DCA946CA}.Release|ARM64.Build.0 = Release|Any CPU
		{C3E52EC4-4630-45F0-9E09-B829DCA946CA}.Release|x64.ActiveCfg = Release|Any CPU
		{C3E52EC4-4630-45F0-9E09-B829DCA946CA}.Release|x64.Build.0 = Release|Any CPU
		{C3E52EC4-4630-45F0-9E09-B829DCA946CA}.Release|x86.ActiveCfg = Release|Any CPU
		{C3E52EC4-4630-45F0-9E09-B829DCA946CA}.Release|x86.Build.0 = Release|Any CPU
		{359190AE-CA7B-4CBC-9623-DDE3525EE963}.Debug|Any CPU.ActiveCfg = Debug|Any CPU
		{359190AE-CA7B-4CBC-9623-DDE3525EE963}.Debug|Any CPU.Build.0 = Debug|Any CPU
		{359190AE-CA7B-4CBC-9623-DDE3525EE963}.Debug|ARM.ActiveCfg = Debug|Any CPU
		{359190AE-CA7B-4CBC-9623-DDE3525EE963}.Debug|ARM.Build.0 = Debug|Any CPU
		{359190AE-CA7B-4CBC-9623-DDE3525EE963}.Debug|ARM64.ActiveCfg = Debug|Any CPU
		{359190AE-CA7B-4CBC-9623-DDE3525EE963}.Debug|ARM64.Build.0 = Debug|Any CPU
		{359190AE-CA7B-4CBC-9623-DDE3525EE963}.Debug|x64.ActiveCfg = Debug|Any CPU
		{359190AE-CA7B-4CBC-9623-DDE3525EE963}.Debug|x64.Build.0 = Debug|Any CPU
		{359190AE-CA7B-4CBC-9623-DDE3525EE963}.Debug|x86.ActiveCfg = Debug|Any CPU
		{359190AE-CA7B-4CBC-9623-DDE3525EE963}.Debug|x86.Build.0 = Debug|Any CPU
		{359190AE-CA7B-4CBC-9623-DDE3525EE963}.Release|Any CPU.ActiveCfg = Release|Any CPU
		{359190AE-CA7B-4CBC-9623-DDE3525EE963}.Release|Any CPU.Build.0 = Release|Any CPU
		{359190AE-CA7B-4CBC-9623-DDE3525EE963}.Release|ARM.ActiveCfg = Release|Any CPU
		{359190AE-CA7B-4CBC-9623-DDE3525EE963}.Release|ARM.Build.0 = Release|Any CPU
		{359190AE-CA7B-4CBC-9623-DDE3525EE963}.Release|ARM64.ActiveCfg = Release|Any CPU
		{359190AE-CA7B-4CBC-9623-DDE3525EE963}.Release|ARM64.Build.0 = Release|Any CPU
		{359190AE-CA7B-4CBC-9623-DDE3525EE963}.Release|x64.ActiveCfg = Release|Any CPU
		{359190AE-CA7B-4CBC-9623-DDE3525EE963}.Release|x64.Build.0 = Release|Any CPU
		{359190AE-CA7B-4CBC-9623-DDE3525EE963}.Release|x86.ActiveCfg = Release|Any CPU
		{359190AE-CA7B-4CBC-9623-DDE3525EE963}.Release|x86.Build.0 = Release|Any CPU
		{084FCCB5-45E6-44F2-93A3-2CD6A9BE3E67}.Debug|Any CPU.ActiveCfg = Debug|Any CPU
		{084FCCB5-45E6-44F2-93A3-2CD6A9BE3E67}.Debug|Any CPU.Build.0 = Debug|Any CPU
		{084FCCB5-45E6-44F2-93A3-2CD6A9BE3E67}.Debug|ARM.ActiveCfg = Debug|Any CPU
		{084FCCB5-45E6-44F2-93A3-2CD6A9BE3E67}.Debug|ARM.Build.0 = Debug|Any CPU
		{084FCCB5-45E6-44F2-93A3-2CD6A9BE3E67}.Debug|ARM64.ActiveCfg = Debug|Any CPU
		{084FCCB5-45E6-44F2-93A3-2CD6A9BE3E67}.Debug|ARM64.Build.0 = Debug|Any CPU
		{084FCCB5-45E6-44F2-93A3-2CD6A9BE3E67}.Debug|x64.ActiveCfg = Debug|Any CPU
		{084FCCB5-45E6-44F2-93A3-2CD6A9BE3E67}.Debug|x64.Build.0 = Debug|Any CPU
		{084FCCB5-45E6-44F2-93A3-2CD6A9BE3E67}.Debug|x86.ActiveCfg = Debug|Any CPU
		{084FCCB5-45E6-44F2-93A3-2CD6A9BE3E67}.Debug|x86.Build.0 = Debug|Any CPU
		{084FCCB5-45E6-44F2-93A3-2CD6A9BE3E67}.Release|Any CPU.ActiveCfg = Release|Any CPU
		{084FCCB5-45E6-44F2-93A3-2CD6A9BE3E67}.Release|Any CPU.Build.0 = Release|Any CPU
		{084FCCB5-45E6-44F2-93A3-2CD6A9BE3E67}.Release|ARM.ActiveCfg = Release|Any CPU
		{084FCCB5-45E6-44F2-93A3-2CD6A9BE3E67}.Release|ARM.Build.0 = Release|Any CPU
		{084FCCB5-45E6-44F2-93A3-2CD6A9BE3E67}.Release|ARM64.ActiveCfg = Release|Any CPU
		{084FCCB5-45E6-44F2-93A3-2CD6A9BE3E67}.Release|ARM64.Build.0 = Release|Any CPU
		{084FCCB5-45E6-44F2-93A3-2CD6A9BE3E67}.Release|x64.ActiveCfg = Release|Any CPU
		{084FCCB5-45E6-44F2-93A3-2CD6A9BE3E67}.Release|x64.Build.0 = Release|Any CPU
		{084FCCB5-45E6-44F2-93A3-2CD6A9BE3E67}.Release|x86.ActiveCfg = Release|Any CPU
		{084FCCB5-45E6-44F2-93A3-2CD6A9BE3E67}.Release|x86.Build.0 = Release|Any CPU
	EndGlobalSection
	GlobalSection(SolutionProperties) = preSolution
		HideSolutionNode = FALSE
	EndGlobalSection
	GlobalSection(NestedProjects) = preSolution
		{7E1EF27A-F71B-4FCD-87FB-E90D3FC7B398} = {E347373B-773A-40AA-9432-F4F198EE05DF}
		{66629F9A-CD0B-4409-99E4-D83B420043CD} = {E347373B-773A-40AA-9432-F4F198EE05DF}
	EndGlobalSection
	GlobalSection(ExtensibilityGlobals) = postSolution
		SolutionGuid = {521AC68E-8050-4287-ABB2-00635842F059}
	EndGlobalSection
EndGlobal
